
Microsoft Visual Studio Solution File, Format Version 12.00
# Visual Studio Version 17
VisualStudioVersion = 17.1.32228.430
MinimumVisualStudioVersion = 10.0.40219.1
Project("{FAE04EC0-301F-11D3-BF4B-00C04F79EFBC}") = "WpfMyTelegramChat", "WpfMyTelegramChat\WpfMyTelegramChat.csproj", "{43FD4870-E3C7-4A25-B47C-16F7229AB10B}"
EndProject
Project("{FAE04EC0-301F-11D3-BF4B-00C04F79EFBC}") = "Test", "Test\Test.csproj", "{1976C78F-4988-4735-920B-DCDDFFF82B59}"
EndProject
Global
	GlobalSection(SolutionConfigurationPlatforms) = preSolution
		Debug|Any CPU = Debug|Any CPU
		Release|Any CPU = Release|Any CPU
	EndGlobalSection
	GlobalSection(ProjectConfigurationPlatforms) = postSolution
		{43FD4870-E3C7-4A25-B47C-16F7229AB10B}.Debug|Any CPU.ActiveCfg = Debug|Any CPU
		{43FD4870-E3C7-4A25-B47C-16F7229AB10B}.Debug|Any CPU.Build.0 = Debug|Any CPU
		{43FD4870-E3C7-4A25-B47C-16F7229AB10B}.Release|Any CPU.ActiveCfg = Release|Any CPU
		{43FD4870-E3C7-4A25-B47C-16F7229AB10B}.Release|Any CPU.Build.0 = Release|Any CPU
		{1976C78F-4988-4735-920B-DCDDFFF82B59}.Debug|Any CPU.ActiveCfg = Debug|Any CPU
		{1976C78F-4988-4735-920B-DCDDFFF82B59}.Debug|Any CPU.Build.0 = Debug|Any CPU
		{1976C78F-4988-4735-920B-DCDDFFF82B59}.Release|Any CPU.ActiveCfg = Release|Any CPU
		{1976C78F-4988-4735-920B-DCDDFFF82B59}.Release|Any CPU.Build.0 = Release|Any CPU
	EndGlobalSection
	GlobalSection(SolutionProperties) = preSolution
		HideSolutionNode = FALSE
	EndGlobalSection
	GlobalSection(ExtensibilityGlobals) = postSolution
		SolutionGuid = {D63BF288-2721-4893-B346-0EBC7DD21C30}
	EndGlobalSection
EndGlobal
